Microsoft Visual Studio Solution File, Format Version 12.00
# Visual Studio Version 17
VisualStudioVersion = 17.5.001.0
MinimumVisualStudioVersion = 10.0.40219.1
Project("{9A19103F-16F7-4668-BE54-9A1E7A4F7556}") = "ATM", "ATM.csproj", "{575C85F4-AA30-416C-BD2B-162378CB16CA}"
EndProject
Global
	GlobalSection(SolutionConfigurationPlatforms) = preSolution
		Debug|Any CPU = Debug|Any CPU
		Release|Any CPU = Release|Any CPU
	EndGlobalSection
	GlobalSection(ProjectConfigurationPlatforms) = postSolution
		{575C85F4-AA30-416C-BD2B-162378CB16CA}.Debug|Any CPU.ActiveCfg = Debug|Any CPU
		{575C85F4-AA30-416C-BD2B-162378CB16CA}.Debug|Any CPU.Build.0 = Debug|Any CPU
		{575C85F4-AA30-416C-BD2B-162378CB16CA}.Release|Any CPU.ActiveCfg = Release|Any CPU
		{575C85F4-AA30-416C-BD2B-162378CB16CA}.Release|Any CPU.Build.0 = Release|Any CPU
	EndGlobalSection
	GlobalSection(SolutionProperties) = preSolution
		HideSolutionNode = FALSE
	EndGlobalSection
	GlobalSection(ExtensibilityGlobals) = postSolution
		SolutionGuid = {EEC811BE-B436-40BD-90A6-E2BA81CB850E}
	EndGlobalSection
EndGlobal
